Microsoft Visual Studio Solution File, Format Version 12.00
# Visual Studio Version 17
VisualStudioVersion = 17.5.2.0
MinimumVisualStudioVersion = 10.0.40219.1
Project("{FAE04EC0-301F-11D3-BF4B-00C04F79EFBC}") = "NoteTrip", "NoteTrip.csproj", "{9B584361-15C8-B73C-373C-91974E11682B}"
EndProject
Global
	GlobalSection(SolutionConfigurationPlatforms) = preSolution
		Debug|Any CPU = Debug|Any CPU
		Release|Any CPU = Release|Any CPU
	EndGlobalSection
	GlobalSection(ProjectConfigurationPlatforms) = postSolution
		{9B584361-15C8-B73C-373C-91974E11682B}.Debug|Any CPU.ActiveCfg = Debug|Any CPU
		{9B584361-15C8-B73C-373C-91974E11682B}.Debug|Any CPU.Build.0 = Debug|Any CPU
		{9B584361-15C8-B73C-373C-91974E11682B}.Release|Any CPU.ActiveCfg = Release|Any CPU
		{9B584361-15C8-B73C-373C-91974E11682B}.Release|Any CPU.Build.0 = Release|Any CPU
	EndGlobalSection
	GlobalSection(SolutionProperties) = preSolution
		HideSolutionNode = FALSE
	EndGlobalSection
	GlobalSection(ExtensibilityGlobals) = postSolution
		SolutionGuid = {297A0FF6-081D-40C6-9FCC-E5097C1BF1D5}
	EndGlobalSection
EndGlobal
